;;;;;;;;;;;;;;;;;;;;;;;;;;;;;;;;;;;;;;;;;;;;;;;;;;;;;;;;;;;;;;;;;;;;;;;;;;;;;;;;
;; This is autogenerated by CLPM. Do not edit by hand.
;;;;;;;;;;;;;;;;;;;;;;;;;;;;;;;;;;;;;;;;;;;;;;;;;;;;;;;;;;;;;;;;;;;;;;;;;;;;;;;;

(:api-version "0.4")

;;;;;;;;;;;;;;;;;;;;;;;;;;;;;;;;;;;;;;;;;;;;;;;;;;;;;;;;;;;;;;;;;;;;;;;;;;;;;;;;
;; BEGIN SOURCES
;;;;;;;;;;;;;;;;;;;;;;;;;;;;;;;;;;;;;;;;;;;;;;;;;;;;;;;;;;;;;;;;;;;;;;;;;;;;;;;;

:sources
(:implicit-file :type :file-system :system-files ("cl-i.asd"))
(:implicit-vcs :type :vcs :projects
 (("cl-yaml" :git :url "https://github.com/djhaskin987/cl-yaml")))
("quicklisp" :url "https://quicklisp.common-lisp-project-index.org/" :type
 :ql-clpi)


;;;;;;;;;;;;;;;;;;;;;;;;;;;;;;;;;;;;;;;;;;;;;;;;;;;;;;;;;;;;;;;;;;;;;;;;;;;;;;;;
;; BEGIN REQUIREMENTS
;;;;;;;;;;;;;;;;;;;;;;;;;;;;;;;;;;;;;;;;;;;;;;;;;;;;;;;;;;;;;;;;;;;;;;;;;;;;;;;;

:requirements
(:asd-file :name "cl-i.asd")
(:system :name "drakma")
(:project :name "cl-yaml" :branch "feature/add-emit-pretty" :source
 :implicit-vcs)


;;;;;;;;;;;;;;;;;;;;;;;;;;;;;;;;;;;;;;;;;;;;;;;;;;;;;;;;;;;;;;;;;;;;;;;;;;;;;;;;
;; BEGIN RELEASES
;;;;;;;;;;;;;;;;;;;;;;;;;;;;;;;;;;;;;;;;;;;;;;;;;;;;;;;;;;;;;;;;;;;;;;;;;;;;;;;;

:releases
("alexandria" :version "2022-07-08" :source "quicklisp" :systems ("alexandria"))
("arrows" :version "2018-10-18" :source "quicklisp" :systems ("arrows"))
("asdf-flv" :version "2016-04-21" :source "quicklisp" :systems
 ("net.didierverna.asdf-flv"))
("babel" :version "2020-09-25" :source "quicklisp" :systems ("babel"))
("bordeaux-threads" :version "2022-07-08" :source "quicklisp" :systems
 ("bordeaux-threads"))
("cffi" :version "2021-04-11" :source "quicklisp" :systems ("cffi"))
("chipz" :version "2022-02-20" :source "quicklisp" :systems ("chipz"))
("chunga" :version "2022-04-01" :source "quicklisp" :systems ("chunga"))
("cl+ssl" :version "2022-07-08" :source "quicklisp" :systems ("cl+ssl"))
("cl-base64" :version "2020-10-16" :source "quicklisp" :systems ("cl-base64"))
("cl-i.asd" :version :newest :source :implicit-file :systems
 ("cl-i" "cl-i/tests"))
("cl-libyaml" :version "2020-12-20" :source "quicklisp" :systems ("cl-libyaml"))
("cl-ppcre" :version "2022-02-20" :source "quicklisp" :systems ("cl-ppcre"))
("cl-yaml" :version (:commit "9d0207b23eaeef99763ae1a9b422cb2ab1c0e431")
 :source :implicit-vcs :systems ("cl-yaml"))
("drakma" :version "2022-07-08" :source "quicklisp" :systems ("drakma"))
("fiveam" :version "2022-04-01" :source "quicklisp" :systems ("fiveam"))
("flexi-streams" :version "2022-02-20" :source "quicklisp" :systems
 ("flexi-streams"))
("parse-number" :version "2018-02-28" :source "quicklisp" :systems
 ("parse-number"))
("puri" :version "2020-10-16" :source "quicklisp" :systems ("puri"))
("split-sequence" :version "2021-05-31" :source "quicklisp" :systems
 ("split-sequence"))
("trivial-backtrace" :version "2020-06-10" :source "quicklisp" :systems
 ("trivial-backtrace"))
("trivial-features" :version "2021-12-09" :source "quicklisp" :systems
 ("trivial-features"))
("trivial-garbage" :version "2021-12-30" :source "quicklisp" :systems
 ("trivial-garbage"))
("trivial-gray-streams" :version "2021-01-24" :source "quicklisp" :systems
 ("trivial-gray-streams"))
("trivial-package-local-nicknames" :version "2022-02-20" :source "quicklisp"
 :systems ("trivial-package-local-nicknames"))
("usocket" :version "2022-04-01" :source "quicklisp" :systems ("usocket"))


;;;;;;;;;;;;;;;;;;;;;;;;;;;;;;;;;;;;;;;;;;;;;;;;;;;;;;;;;;;;;;;;;;;;;;;;;;;;;;;;
;; BEGIN REVERSE-DEPENDENCIES
;;;;;;;;;;;;;;;;;;;;;;;;;;;;;;;;;;;;;;;;;;;;;;;;;;;;;;;;;;;;;;;;;;;;;;;;;;;;;;;;

:reverse-dependencies
("alexandria" ((:system :name "fiveam") (:system :name "alexandria"))
 ((:system :name "cl-yaml") (:system :name "alexandria"))
 ((:system :name "cl-i") (:system :name "alexandria"))
 ((:system :name "cl+ssl") (:system :name "alexandria"))
 ((:system :name "cffi") (:system :name "alexandria"))
 ((:system :name "bordeaux-threads") (:system :name "alexandria"))
 ((:system :name "babel") (:system :name "alexandria")))

("arrows" ((:system :name "cl-i") (:system :name "arrows")))

("asdf-flv"
 ((:system :name "fiveam") (:system :name "net.didierverna.asdf-flv")))

("babel" ((:system :name "cffi") (:system :name "babel")))

("bordeaux-threads"
 ((:system :name "cl+ssl") (:system :name "bordeaux-threads")))

("cffi" ((:system :name "cl-libyaml") (:system :name "cffi"))
 ((:system :name "cl+ssl") (:system :name "cffi")))

("chipz" ((:system :name "drakma") (:system :name "chipz")))

("chunga" ((:system :name "drakma") (:system :name "chunga")))

("cl+ssl" ((:system :name "drakma") (:system :name "cl+ssl")))

("cl-base64" ((:system :name "drakma") (:system :name "cl-base64")))

("cl-i.asd" ((:system :name "cl-i/tests") (:system :name "cl-i"))
 (t (:asd-file :name "cl-i.asd")))

("cl-libyaml" ((:system :name "cl-yaml") (:system :name "cl-libyaml")))

("cl-ppcre" ((:system :name "drakma") (:system :name "cl-ppcre"))
 ((:system :name "cl-yaml") (:system :name "cl-ppcre")))

("cl-yaml" ((:system :name "cl-i") (:system :name "cl-yaml"))
 (t
  (:project :name "cl-yaml" :commit "9d0207b23eaeef99763ae1a9b422cb2ab1c0e431"
   :source :implicit-vcs)))

("drakma" ((:system :name "cl-i") (:system :name "drakma"))
 (t (:system :name "drakma")))

("fiveam" ((:system :name "cl-i/tests") (:system :name "fiveam")))

("flexi-streams" ((:system :name "drakma") (:system :name "flexi-streams"))
 ((:system :name "cl+ssl") (:system :name "flexi-streams")))

("parse-number" ((:system :name "cl-yaml") (:system :name "parse-number")))

("puri" ((:system :name "drakma") (:system :name "puri")))

("split-sequence" ((:system :name "usocket") (:system :name "split-sequence")))

("trivial-backtrace"
 ((:system :name "fiveam") (:system :name "trivial-backtrace")))

("trivial-features"
 ((:system :name "cl+ssl") (:system :name "trivial-features"))
 ((:system :name "cffi") (:system :name "trivial-features"))
 ((:system :name "babel") (:system :name "trivial-features")))

("trivial-garbage" ((:system :name "cl+ssl") (:system :name "trivial-garbage")))

("trivial-gray-streams"
 ((:system :name "flexi-streams") (:system :name "trivial-gray-streams"))
 ((:system :name "cl+ssl") (:system :name "trivial-gray-streams"))
 ((:system :name "chunga") (:system :name "trivial-gray-streams")))

("trivial-package-local-nicknames"
 ((:system :name "cl-i") (:system :name "trivial-package-local-nicknames")))

("usocket" ((:system :name "drakma") (:system :name "usocket"))
 ((:system :name "cl+ssl") (:system :name "usocket")))

