("quicklisp" .
 (:class qlot/source/dist:source-dist
  :initargs (:distribution "http://beta.quicklisp.org/dist/quicklisp.txt" :%version :latest)
  :version "2022-11-07"))
("cl-yaml" .
 (:class qlot/source/git:source-git
  :initargs (:remote-url "https://github.com/eudoxia0/cl-yaml" :branch "master")
  :version "git-12c84d43b3f57f332774c780a2e4a20eee7f47de"))
("alexandria" .
 (:class qlot/source/ql:source-ql
  :initargs (:%version :latest)
  :version "ql-2022-11-07"))
("cl-i" .
 (:class qlot/source/git:source-git
  :initargs (:remote-url "https://git.djha.skin/me/cl-i.git" :branch "main")
  :version "git-730c3c39a8d6aa941eaf1a19137465a34c810e06"))
("arrows" .
 (:class qlot/source/ql:source-ql
  :initargs (:%version :latest)
  :version "ql-2022-11-07"))
("dexador" .
 (:class qlot/source/ql:source-ql
  :initargs (:%version :latest)
  :version "ql-2022-11-07"))
("quri" .
 (:class qlot/source/ql:source-ql
  :initargs (:%version :latest)
  :version "ql-2022-11-07"))
("trivial-features" .
 (:class qlot/source/ql:source-ql
  :initargs (:%version :latest)
  :version "ql-2022-11-07"))
("trivial-package-local-nicknames" .
 (:class qlot/source/ql:source-ql
  :initargs (:%version :latest)
  :version "ql-2022-11-07"))
